
Microsoft Visual Studio Solution File, Format Version 12.00
# Visual Studio Version 17
VisualStudioVersion = 17.3.32901.215
MinimumVisualStudioVersion = 10.0.40219.1
Project("{54A90642-561A-4BB1-A94E-469ADEE60C69}") = "OmSaiBorewellsUI", "OmSaiBorewellsUI\OmSaiBorewellsUI.esproj", "{7EF9CD13-04ED-42DB-B0C5-AA89C11DF87E}"
EndProject
Project("{FAE04EC0-301F-11D3-BF4B-00C04F79EFBC}") = "OmSaiBorewellsDb", "OmSaiBorewellsDb\OmSaiBorewellsDb.csproj", "{FAF0A33D-5624-4BD1-9B6A-EC81D5540A76}"
EndProject
Global
	GlobalSection(SolutionConfigurationPlatforms) = preSolution
		Debug|Any CPU = Debug|Any CPU
		Release|Any CPU = Release|Any CPU
	EndGlobalSection
	GlobalSection(ProjectConfigurationPlatforms) = postSolution
		{7EF9CD13-04ED-42DB-B0C5-AA89C11DF87E}.Debug|Any CPU.ActiveCfg = Debug|Any CPU
		{7EF9CD13-04ED-42DB-B0C5-AA89C11DF87E}.Debug|Any CPU.Build.0 = Debug|Any CPU
		{7EF9CD13-04ED-42DB-B0C5-AA89C11DF87E}.Debug|Any CPU.Deploy.0 = Debug|Any CPU
		{7EF9CD13-04ED-42DB-B0C5-AA89C11DF87E}.Release|Any CPU.ActiveCfg = Release|Any CPU
		{7EF9CD13-04ED-42DB-B0C5-AA89C11DF87E}.Release|Any CPU.Build.0 = Release|Any CPU
		{7EF9CD13-04ED-42DB-B0C5-AA89C11DF87E}.Release|Any CPU.Deploy.0 = Release|Any CPU
		{FAF0A33D-5624-4BD1-9B6A-EC81D5540A76}.Debug|Any CPU.ActiveCfg = Debug|Any CPU
		{FAF0A33D-5624-4BD1-9B6A-EC81D5540A76}.Debug|Any CPU.Build.0 = Debug|Any CPU
		{FAF0A33D-5624-4BD1-9B6A-EC81D5540A76}.Release|Any CPU.ActiveCfg = Release|Any CPU
		{FAF0A33D-5624-4BD1-9B6A-EC81D5540A76}.Release|Any CPU.Build.0 = Release|Any CPU
	EndGlobalSection
	GlobalSection(SolutionProperties) = preSolution
		HideSolutionNode = FALSE
	EndGlobalSection
	GlobalSection(ExtensibilityGlobals) = postSolution
		SolutionGuid = {E86832F5-F66C-49C6-A3EA-4AC1631046AD}
	EndGlobalSection
EndGlobal
